
Microsoft Visual Studio Solution File, Format Version 9.00
# Visual C# Express 2005
Project("{FAE04EC0-301F-11D3-BF4B-00C04F79EFBC}") = "HermitLevelGenerator", "HermitLevelGenerator\HermitLevelGenerator.csproj", "{FBF02D31-B680-4F02-8C4B-B1B0EBA50316}"
EndProject
Global
	GlobalSection(SolutionConfigurationPlatforms) = preSolution
		Debug|Any CPU = Debug|Any CPU
		Release|Any CPU = Release|Any CPU
	EndGlobalSection
	GlobalSection(ProjectConfigurationPlatforms) = postSolution
		{FBF02D31-B680-4F02-8C4B-B1B0EBA50316}.Debug|Any CPU.ActiveCfg = Debug|Any CPU
		{FBF02D31-B680-4F02-8C4B-B1B0EBA50316}.Debug|Any CPU.Build.0 = Debug|Any CPU
		{FBF02D31-B680-4F02-8C4B-B1B0EBA50316}.Release|Any CPU.ActiveCfg = Release|Any CPU
		{FBF02D31-B680-4F02-8C4B-B1B0EBA50316}.Release|Any CPU.Build.0 = Release|Any CPU
	EndGlobalSection
	GlobalSection(SolutionProperties) = preSolution
		HideSolutionNode = FALSE
	EndGlobalSection
EndGlobal
